Microsoft Visual Studio Solution File, Format Version 12.00
# Visual Studio Express 2013 for Windows Desktop
VisualStudioVersion = 12.0.40629.0
MinimumVisualStudioVersion = 10.0.40219.1
Project("{8BC9CEB8-8B4A-11D0-8D11-00A0C91BC942}") = "ASN1", "asn1\ASN1-x32-vs120.vcxproj", "{CC4DCE75-9957-4642-A86B-EA14DBCEBF54}"
	ProjectSection(ProjectDependencies) = postProject
		{FA18351A-6E6C-4033-AEB5-FDC8E5BC4B20} = {FA18351A-6E6C-4033-AEB5-FDC8E5BC4B20}
	EndProjectSection
EndProject
Project("{8BC9CEB8-8B4A-11D0-8D11-00A0C91BC942}") = "H323", "asnh323\H323-x32-vs120.vcxproj", "{4E4B52F7-9D54-4183-99A7-00212102BCBF}"
EndProject
Project("{8BC9CEB8-8B4A-11D0-8D11-00A0C91BC942}") = "Q931", "h323parser\Q931-x32-vs120.vcxproj", "{EF024D3D-64DA-4ED8-9C2B-CF9CE434D5C9}"
	ProjectSection(ProjectDependencies) = postProject
		{4E4B52F7-9D54-4183-99A7-00212102BCBF} = {4E4B52F7-9D54-4183-99A7-00212102BCBF}
	EndProjectSection
EndProject
Project("{8BC9CEB8-8B4A-11D0-8D11-00A0C91BC942}") = "makedef", "makedef\makedef-x32-vs120.vcxproj", "{FA18351A-6E6C-4033-AEB5-FDC8E5BC4B20}"
EndProject
Project("{8BC9CEB8-8B4A-11D0-8D11-00A0C91BC942}") = "H323test", "asnh323\testsuite\H323test.vcxproj", "{F1B070AA-DF28-45EC-BD67-AA5DCC203F38}"
	ProjectSection(ProjectDependencies) = postProject
		{EF024D3D-64DA-4ED8-9C2B-CF9CE434D5C9} = {EF024D3D-64DA-4ED8-9C2B-CF9CE434D5C9}
		{4E4B52F7-9D54-4183-99A7-00212102BCBF} = {4E4B52F7-9D54-4183-99A7-00212102BCBF}
	EndProjectSection
EndProject
Project("{8BC9CEB8-8B4A-11D0-8D11-00A0C91BC942}") = "RDP", "RDP\RDP.vcxproj", "{57DED76E-C068-4DC7-8513-623BC2A9CC46}"
EndProject
Project("{2150E333-8FDC-42A3-9474-1A3956D46DE8}") = "Solution Items", "Solution Items", "{6AC2EA98-D59C-454F-A81E-5BC18D792CE9}"
	ProjectSection(SolutionItems) = preProject
		..\btyacc\msvc\btyacc.props = ..\btyacc\msvc\btyacc.props
		..\btyacc\msvc\btyacc.targets = ..\btyacc\msvc\btyacc.targets
		..\btyacc\msvc\btyacc.xml = ..\btyacc\msvc\btyacc.xml
		iiiasn1.properties = iiiasn1.properties
		solution.props = solution.props
		..\win-flex-bison\bin\Release\custom_build_rules\win_bison_custom_build.props = ..\win-flex-bison\bin\Release\custom_build_rules\win_bison_custom_build.props
		..\win-flex-bison\bin\Release\custom_build_rules\win_bison_custom_build.targets = ..\win-flex-bison\bin\Release\custom_build_rules\win_bison_custom_build.targets
		..\win-flex-bison\bin\Release\custom_build_rules\win_bison_custom_build.xml = ..\win-flex-bison\bin\Release\custom_build_rules\win_bison_custom_build.xml
		..\win-flex-bison\bin\Release\custom_build_rules\win_flex_custom_build.props = ..\win-flex-bison\bin\Release\custom_build_rules\win_flex_custom_build.props
		..\win-flex-bison\bin\Release\custom_build_rules\win_flex_custom_build.targets = ..\win-flex-bison\bin\Release\custom_build_rules\win_flex_custom_build.targets
		..\win-flex-bison\bin\Release\custom_build_rules\win_flex_custom_build.xml = ..\win-flex-bison\bin\Release\custom_build_rules\win_flex_custom_build.xml
	EndProjectSection
EndProject
Project("{8BC9CEB8-8B4A-11D0-8D11-00A0C91BC942}") = "testASN1c", "asnparser\testsuite\ASN1cmptest-w32-vs120.vcxproj", "{F012966D-7796-4562-8587-6ADF79466B8F}"
	ProjectSection(ProjectDependencies) = postProject
		{1EED4B13-2A75-4C49-A198-12F2A46F5944} = {1EED4B13-2A75-4C49-A198-12F2A46F5944}
		{CC4DCE75-9957-4642-A86B-EA14DBCEBF54} = {CC4DCE75-9957-4642-A86B-EA14DBCEBF54}
	EndProjectSection
EndProject
Project("{8BC9CEB8-8B4A-11D0-8D11-00A0C91BC942}") = "testASN1", "asn1\testsuite\ASN1test-w32-vs120.vcxproj", "{7EA4238C-ED43-40FE-81C8-63CABBB6215A}"
	ProjectSection(ProjectDependencies) = postProject
		{1EED4B13-2A75-4C49-A198-12F2A46F5944} = {1EED4B13-2A75-4C49-A198-12F2A46F5944}
		{CC4DCE75-9957-4642-A86B-EA14DBCEBF54} = {CC4DCE75-9957-4642-A86B-EA14DBCEBF54}
	EndProjectSection
EndProject
Project("{8BC9CEB8-8B4A-11D0-8D11-00A0C91BC942}") = "ASN1c", "asnparser\ASN1cmp-w32-vs120.vcxproj", "{1EED4B13-2A75-4C49-A198-12F2A46F5944}"
	ProjectSection(ProjectDependencies) = postProject
		{CC4DCE75-9957-4642-A86B-EA14DBCEBF54} = {CC4DCE75-9957-4642-A86B-EA14DBCEBF54}
	EndProjectSection
EndProject
Project("{8BC9CEB8-8B4A-11D0-8D11-00A0C91BC942}") = "KAMPBELL", "KAMPBELL\KAMPBELL-w32-vs120.vcxproj", "{39865E1B-AA4F-42CA-806E-E839C33101A5}"
	ProjectSection(ProjectDependencies) = postProject
		{1EED4B13-2A75-4C49-A198-12F2A46F5944} = {1EED4B13-2A75-4C49-A198-12F2A46F5944}
		{CC4DCE75-9957-4642-A86B-EA14DBCEBF54} = {CC4DCE75-9957-4642-A86B-EA14DBCEBF54}
	EndProjectSection
EndProject
Project("{8BC9CEB8-8B4A-11D0-8D11-00A0C91BC942}") = "RDPWB", "RDPWB\RDPWB.vcxproj", "{466B1A7F-BB4E-4A85-9A7A-40C303D67314}"
EndProject
Project("{8BC9CEB8-8B4A-11D0-8D11-00A0C91BC942}") = "VS2013EXE", "VS2013EXE\VS2013EXE.vcxproj", "{A3724993-5992-47D7-81DD-1222097EA610}"
EndProject
Global
	GlobalSection(SolutionConfigurationPlatforms) = preSolution
		Debug|Win32 = Debug|Win32
		Release|Win32 = Release|Win32
	EndGlobalSection
	GlobalSection(ProjectConfigurationPlatforms) = postSolution
		{CC4DCE75-9957-4642-A86B-EA14DBCEBF54}.Debug|Win32.ActiveCfg = Debug|Win32
		{CC4DCE75-9957-4642-A86B-EA14DBCEBF54}.Debug|Win32.Build.0 = Debug|Win32
		{CC4DCE75-9957-4642-A86B-EA14DBCEBF54}.Release|Win32.ActiveCfg = Release|Win32
		{CC4DCE75-9957-4642-A86B-EA14DBCEBF54}.Release|Win32.Build.0 = Release|Win32
		{4E4B52F7-9D54-4183-99A7-00212102BCBF}.Debug|Win32.ActiveCfg = Debug|Win32
		{4E4B52F7-9D54-4183-99A7-00212102BCBF}.Release|Win32.ActiveCfg = Release|Win32
		{EF024D3D-64DA-4ED8-9C2B-CF9CE434D5C9}.Debug|Win32.ActiveCfg = Debug|Win32
		{EF024D3D-64DA-4ED8-9C2B-CF9CE434D5C9}.Release|Win32.ActiveCfg = Release|Win32
		{FA18351A-6E6C-4033-AEB5-FDC8E5BC4B20}.Debug|Win32.ActiveCfg = Debug|Win32
		{FA18351A-6E6C-4033-AEB5-FDC8E5BC4B20}.Debug|Win32.Build.0 = Debug|Win32
		{FA18351A-6E6C-4033-AEB5-FDC8E5BC4B20}.Release|Win32.ActiveCfg = Release|Win32
		{FA18351A-6E6C-4033-AEB5-FDC8E5BC4B20}.Release|Win32.Build.0 = Release|Win32
		{F1B070AA-DF28-45EC-BD67-AA5DCC203F38}.Debug|Win32.ActiveCfg = Debug|Win32
		{F1B070AA-DF28-45EC-BD67-AA5DCC203F38}.Release|Win32.ActiveCfg = Release|Win32
		{57DED76E-C068-4DC7-8513-623BC2A9CC46}.Debug|Win32.ActiveCfg = Debug|Win32
		{57DED76E-C068-4DC7-8513-623BC2A9CC46}.Debug|Win32.Build.0 = Debug|Win32
		{57DED76E-C068-4DC7-8513-623BC2A9CC46}.Release|Win32.ActiveCfg = Release|Win32
		{57DED76E-C068-4DC7-8513-623BC2A9CC46}.Release|Win32.Build.0 = Release|Win32
		{F012966D-7796-4562-8587-6ADF79466B8F}.Debug|Win32.ActiveCfg = Debug|Win32
		{F012966D-7796-4562-8587-6ADF79466B8F}.Debug|Win32.Build.0 = Debug|Win32
		{F012966D-7796-4562-8587-6ADF79466B8F}.Release|Win32.ActiveCfg = Release|Win32
		{F012966D-7796-4562-8587-6ADF79466B8F}.Release|Win32.Build.0 = Release|Win32
		{7EA4238C-ED43-40FE-81C8-63CABBB6215A}.Debug|Win32.ActiveCfg = Debug|Win32
		{7EA4238C-ED43-40FE-81C8-63CABBB6215A}.Debug|Win32.Build.0 = Debug|Win32
		{7EA4238C-ED43-40FE-81C8-63CABBB6215A}.Release|Win32.ActiveCfg = Release|Win32
		{7EA4238C-ED43-40FE-81C8-63CABBB6215A}.Release|Win32.Build.0 = Release|Win32
		{1EED4B13-2A75-4C49-A198-12F2A46F5944}.Debug|Win32.ActiveCfg = Debug|Win32
		{1EED4B13-2A75-4C49-A198-12F2A46F5944}.Debug|Win32.Build.0 = Debug|Win32
		{1EED4B13-2A75-4C49-A198-12F2A46F5944}.Release|Win32.ActiveCfg = Release|Win32
		{1EED4B13-2A75-4C49-A198-12F2A46F5944}.Release|Win32.Build.0 = Release|Win32
		{39865E1B-AA4F-42CA-806E-E839C33101A5}.Debug|Win32.ActiveCfg = Debug|Win32
		{39865E1B-AA4F-42CA-806E-E839C33101A5}.Debug|Win32.Build.0 = Debug|Win32
		{39865E1B-AA4F-42CA-806E-E839C33101A5}.Release|Win32.ActiveCfg = Release|Win32
		{39865E1B-AA4F-42CA-806E-E839C33101A5}.Release|Win32.Build.0 = Release|Win32
		{466B1A7F-BB4E-4A85-9A7A-40C303D67314}.Debug|Win32.ActiveCfg = Debug|Win32
		{466B1A7F-BB4E-4A85-9A7A-40C303D67314}.Debug|Win32.Build.0 = Debug|Win32
		{466B1A7F-BB4E-4A85-9A7A-40C303D67314}.Release|Win32.ActiveCfg = Release|Win32
		{466B1A7F-BB4E-4A85-9A7A-40C303D67314}.Release|Win32.Build.0 = Release|Win32
		{A3724993-5992-47D7-81DD-1222097EA610}.Debug|Win32.ActiveCfg = Debug|Win32
		{A3724993-5992-47D7-81DD-1222097EA610}.Debug|Win32.Build.0 = Debug|Win32
		{A3724993-5992-47D7-81DD-1222097EA610}.Release|Win32.ActiveCfg = Release|Win32
		{A3724993-5992-47D7-81DD-1222097EA610}.Release|Win32.Build.0 = Release|Win32
	EndGlobalSection
	GlobalSection(SolutionProperties) = preSolution
		HideSolutionNode = FALSE
	EndGlobalSection
EndGlobal
