<?xml version="1.0" encoding="utf-8"?>
<Project ToolsVersion="4.0" xmlns="http://schemas.microsoft.com/developer/msbuild/2003">
  <ItemGroup>
    <Filter Include="csn">
      <UniqueIdentifier>{5fa5f667-0a91-4fce-bf23-a164e56d2d7e}</UniqueIdentifier>
    </Filter>
    <Filter Include="asn">
      <UniqueIdentifier>{5cb3d35c-5846-4829-bf4f-51faa7d9a737}</UniqueIdentifier>
    </Filter>
    <Filter Include="out">
      <UniqueIdentifier>{fd4cb569-c994-4248-86ac-3aec3b497d71}</UniqueIdentifier>
    </Filter>
    <Filter Include="bnf">
      <UniqueIdentifier>{9f04ef3d-8da0-4d6e-a252-b2a761f749f1}</UniqueIdentifier>
    </Filter>
  </ItemGroup>
  <ItemGroup>
    <ClCompile Include="getopt.c" />
    <ClCompile Include="main.cpp" />
    <ClCompile Include="asn_lex.cxx">
      <Filter>out</Filter>
    </ClCompile>
    <ClCompile Include="asn_ref_lex.cxx">
      <Filter>out</Filter>
    </ClCompile>
    <ClCompile Include="asn_grammar.tab.c">
      <Filter>out</Filter>
    </ClCompile>
    <ClCompile Include="yyerror.c" />
    <ClCompile Include="asn_grammar.code.c">
      <Filter>out</Filter>
    </ClCompile>
    <ClCompile Include="asn_ref_grammar.code.c">
      <Filter>out</Filter>
    </ClCompile>
    <ClCompile Include="asn_ref_grammar.tab.c">
      <Filter>out</Filter>
    </ClCompile>
  </ItemGroup>
  <ItemGroup>
    <ClInclude Include="main.h" />
    <ClInclude Include="unixstd.h" />
    <ClInclude Include="FlexLexer.h" />
    <ClInclude Include="asn_lex.h">
      <Filter>out</Filter>
    </ClInclude>
    <ClInclude Include="asn_ref_lex.h">
      <Filter>out</Filter>
    </ClInclude>
    <ClInclude Include="asn_grammar.tab.h">
      <Filter>out</Filter>
    </ClInclude>
    <ClInclude Include="asn_ref_grammar.tab.h">
      <Filter>out</Filter>
    </ClInclude>
  </ItemGroup>
  <ItemGroup>
    <None Include="asn\bug-001.asn">
      <Filter>asn</Filter>
    </None>
    <None Include="asn\ISO8823-PRESENTATION.asn">
      <Filter>asn</Filter>
    </None>
    <None Include="asn\Shop.asn">
      <Filter>asn</Filter>
    </None>
    <None Include="asn\Items.asn">
      <Filter>asn</Filter>
    </None>
    <None Include="asn\ASN.asn">
      <Filter>asn</Filter>
    </None>
    <None Include="asn_grammar.output">
      <Filter>out</Filter>
    </None>
    <None Include="ASN.1.bnf">
      <Filter>bnf</Filter>
    </None>
    <None Include="asn_grammar.tab.i">
      <Filter>out</Filter>
    </None>
    <None Include="asn_ref_grammar.tab.i">
      <Filter>out</Filter>
    </None>
    <None Include="asn_ref_grammar.output">
      <Filter>out</Filter>
    </None>
  </ItemGroup>
  <ItemGroup>
    <BtYacc Include="asn_grammar.bty">
      <Filter>bnf</Filter>
    </BtYacc>
    <BtYacc Include="asn_ref_grammar.bty">
      <Filter>bnf</Filter>
    </BtYacc>
  </ItemGroup>
  <ItemGroup>
    <Flex Include="asn_lex.l">
      <Filter>bnf</Filter>
    </Flex>
    <Flex Include="asn_ref_lex.l">
      <Filter>bnf</Filter>
    </Flex>
  </ItemGroup>
</Project>