<?xml version="1.0" encoding="utf-8"?>
<Project ToolsVersion="4.0" xmlns="http://schemas.microsoft.com/developer/msbuild/2003">
  <ItemGroup>
    <Filter Include="csn">
      <UniqueIdentifier>{5fa5f667-0a91-4fce-bf23-a164e56d2d7e}</UniqueIdentifier>
    </Filter>
    <Filter Include="asn">
      <UniqueIdentifier>{5cb3d35c-5846-4829-bf4f-51faa7d9a737}</UniqueIdentifier>
    </Filter>
    <Filter Include="out">
      <UniqueIdentifier>{fd4cb569-c994-4248-86ac-3aec3b497d71}</UniqueIdentifier>
    </Filter>
    <Filter Include="bnf">
      <UniqueIdentifier>{9f04ef3d-8da0-4d6e-a252-b2a761f749f1}</UniqueIdentifier>
    </Filter>
  </ItemGroup>
  <ItemGroup>
    <ClCompile Include="getopt.c" />
    <ClCompile Include="main.cpp" />
    <ClCompile Include="yyerror.c" />
    <ClCompile Include="asn1.code.c">
      <Filter>csn</Filter>
    </ClCompile>
    <ClCompile Include="asn1.tab.c">
      <Filter>csn</Filter>
    </ClCompile>
    <ClCompile Include="asn1_ref.code.c">
      <Filter>csn</Filter>
    </ClCompile>
    <ClCompile Include="asn1_ref.tab.c">
      <Filter>csn</Filter>
    </ClCompile>
    <ClCompile Include="asn1.cxx">
      <Filter>csn</Filter>
    </ClCompile>
    <ClCompile Include="asn1_ref.cxx">
      <Filter>csn</Filter>
    </ClCompile>
  </ItemGroup>
  <ItemGroup>
    <ClInclude Include="main.h" />
    <ClInclude Include="unixstd.h" />
    <ClInclude Include="FlexLexer.h" />
    <ClInclude Include="asn1.tab.h">
      <Filter>csn</Filter>
    </ClInclude>
    <ClInclude Include="asn1_ref.tab.h">
      <Filter>csn</Filter>
    </ClInclude>
    <ClInclude Include="asn1.hxx">
      <Filter>csn</Filter>
    </ClInclude>
    <ClInclude Include="asn1_ref.hxx">
      <Filter>csn</Filter>
    </ClInclude>
  </ItemGroup>
  <ItemGroup>
    <None Include="asn\bug-001.asn">
      <Filter>asn</Filter>
    </None>
    <None Include="asn\ISO8823-PRESENTATION.asn">
      <Filter>asn</Filter>
    </None>
    <None Include="asn\Shop.asn">
      <Filter>asn</Filter>
    </None>
    <None Include="asn\Items.asn">
      <Filter>asn</Filter>
    </None>
    <None Include="asn\ASN.asn">
      <Filter>asn</Filter>
    </None>
    <None Include="asn1.bnf">
      <Filter>bnf</Filter>
    </None>
    <None Include="asn1.output">
      <Filter>csn</Filter>
    </None>
    <None Include="asn1.tab.i">
      <Filter>csn</Filter>
    </None>
    <None Include="asn1_ref.output">
      <Filter>csn</Filter>
    </None>
    <None Include="asn1_ref.tab.i">
      <Filter>csn</Filter>
    </None>
  </ItemGroup>
  <ItemGroup>
    <BtYacc Include="asn1.bty">
      <Filter>bnf</Filter>
    </BtYacc>
    <BtYacc Include="asn1_ref.bty">
      <Filter>bnf</Filter>
    </BtYacc>
  </ItemGroup>
  <ItemGroup>
    <Flex Include="asn1.l">
      <Filter>bnf</Filter>
    </Flex>
    <Flex Include="asn1_ref.l">
      <Filter>bnf</Filter>
    </Flex>
  </ItemGroup>
</Project>