<?xml version="1.0" encoding="utf-8"?>
<Project ToolsVersion="4.0" xmlns="http://schemas.microsoft.com/developer/msbuild/2003">
  <ItemGroup>
    <ClCompile Include="asn1test.cpp" />
    <ClCompile Include="MyHTTP.cxx">
      <Filter>csn</Filter>
    </ClCompile>
    <ClCompile Include="TEST1.cxx">
      <Filter>csn</Filter>
    </ClCompile>
  </ItemGroup>
  <ItemGroup>
    <ClInclude Include="asn1test.h" />
    <ClInclude Include="MyHTTP.h">
      <Filter>csn</Filter>
    </ClInclude>
    <ClInclude Include="TEST1.h">
      <Filter>csn</Filter>
    </ClInclude>
  </ItemGroup>
  <ItemGroup>
    <None Include="test1.asn">
      <Filter>asn</Filter>
    </None>
    <None Include="MyHTTP.inl">
      <Filter>csn</Filter>
    </None>
    <None Include="TEST1.inl">
      <Filter>csn</Filter>
    </None>
  </ItemGroup>
  <ItemGroup>
    <Filter Include="csn">
      <UniqueIdentifier>{a5a6a761-8b9d-4b77-9d44-3f8ea54ab7cb}</UniqueIdentifier>
    </Filter>
    <Filter Include="asn">
      <UniqueIdentifier>{5525f835-0719-423b-973b-d353f77e8926}</UniqueIdentifier>
    </Filter>
  </ItemGroup>
</Project>