<?xml version="1.0" encoding="utf-8"?>
<Project ToolsVersion="4.0" xmlns="http://schemas.microsoft.com/developer/msbuild/2003">
  <ItemGroup>
    <ClCompile Include="ASN1CTest.cpp" />
    <ClCompile Include="asn1test.cpp" />
    <ClCompile Include="ASN1TestSuite.cpp" />
    <ClCompile Include="Driver.cpp" />
    <ClCompile Include="TESTTest.cpp" />
    <ClCompile Include="csn\ModuleTestEmpty.cxx">
      <Filter>csn</Filter>
    </ClCompile>
    <ClCompile Include="csn\ModuleTestEnum1.cxx">
      <Filter>csn</Filter>
    </ClCompile>
    <ClCompile Include="csn\ModuleTestInt1.cxx">
      <Filter>csn</Filter>
    </ClCompile>
    <ClCompile Include="csn\ModuleTestMiscComplex.cxx">
      <Filter>csn</Filter>
    </ClCompile>
    <ClCompile Include="csn\ModuleTestSequence.cxx">
      <Filter>csn</Filter>
    </ClCompile>
    <ClCompile Include="csn\ModuleTestSetAndUntaggedChoice.cxx">
      <Filter>csn</Filter>
    </ClCompile>
    <ClCompile Include="csn\ModuleTestSetSimple.cxx">
      <Filter>csn</Filter>
    </ClCompile>
    <ClCompile Include="csn\ModuleTestTags.cxx">
      <Filter>csn</Filter>
    </ClCompile>
    <ClCompile Include="csn\ModuleTestTags3.cxx">
      <Filter>csn</Filter>
    </ClCompile>
    <ClCompile Include="csn\ModuleTestTagsDistinct2.cxx">
      <Filter>csn</Filter>
    </ClCompile>
    <ClCompile Include="csn\TEST.cxx">
      <Filter>csn</Filter>
    </ClCompile>
    <ClCompile Include="csn\MyHTTP.cxx">
      <Filter>csn</Filter>
    </ClCompile>
    <ClCompile Include="csn\ModuleASNClass.cxx">
      <Filter>csn</Filter>
    </ClCompile>
    <ClCompile Include="csn\ModuleBitStringConstraint.cxx">
      <Filter>csn</Filter>
    </ClCompile>
    <ClCompile Include="csn\ModuleBitStringReferencedValue.cxx">
      <Filter>csn</Filter>
    </ClCompile>
    <ClCompile Include="csn\ModuleCharacterDefinitions.cxx">
      <Filter>csn</Filter>
    </ClCompile>
    <ClCompile Include="csn\ModuleChoiceInSequence.cxx">
      <Filter>csn</Filter>
    </ClCompile>
    <ClCompile Include="csn\ModuleConstraintPrecedence.cxx">
      <Filter>csn</Filter>
    </ClCompile>
    <ClCompile Include="csn\ModuleEmptyIMPORTS.cxx">
      <Filter>csn</Filter>
    </ClCompile>
    <ClCompile Include="csn\ModuleNestedSequenceOf.cxx">
      <Filter>csn</Filter>
    </ClCompile>
    <ClCompile Include="csn\ModuleParameterization1.cxx">
      <Filter>csn</Filter>
    </ClCompile>
    <ClCompile Include="csn\ModuleParameterization1_t.cxx">
      <Filter>csn</Filter>
    </ClCompile>
    <ClCompile Include="csn\ModuleParameterization2.cxx">
      <Filter>csn</Filter>
    </ClCompile>
    <ClCompile Include="csn\ModuleParameterization2_t.cxx">
      <Filter>csn</Filter>
    </ClCompile>
    <ClCompile Include="csn\ModuleParameterization3.cxx">
      <Filter>csn</Filter>
    </ClCompile>
    <ClCompile Include="csn\ModuleParameterization3_t.cxx">
      <Filter>csn</Filter>
    </ClCompile>
    <ClCompile Include="csn\ModuleParameterizationWithConstraints.cxx">
      <Filter>csn</Filter>
    </ClCompile>
    <ClCompile Include="csn\ModuleParameterizationWithConstraints_t.cxx">
      <Filter>csn</Filter>
    </ClCompile>
    <ClCompile Include="csn\ModuleParameterizationWithConstraints2.cxx">
      <Filter>csn</Filter>
    </ClCompile>
    <ClCompile Include="csn\ModuleParameterizationWithConstraints2_t.cxx">
      <Filter>csn</Filter>
    </ClCompile>
    <ClCompile Include="csn\ModuleParameterizationWithConstraints3.cxx">
      <Filter>csn</Filter>
    </ClCompile>
    <ClCompile Include="csn\ModuleParameterizationWithConstraints3_t.cxx">
      <Filter>csn</Filter>
    </ClCompile>
    <ClCompile Include="csn\ModulePERChoice.cxx">
      <Filter>csn</Filter>
    </ClCompile>
    <ClCompile Include="csn\ModulePERConstraints.cxx">
      <Filter>csn</Filter>
    </ClCompile>
    <ClCompile Include="csn\ModulePERExtensions.cxx">
      <Filter>csn</Filter>
    </ClCompile>
    <ClCompile Include="csn\ModulePERLong.cxx">
      <Filter>csn</Filter>
    </ClCompile>
    <ClCompile Include="csn\ModulePERStrings.cxx">
      <Filter>csn</Filter>
    </ClCompile>
    <ClCompile Include="csn\ModuleRecursion.cxx">
      <Filter>csn</Filter>
    </ClCompile>
    <ClCompile Include="csn\ModuleRedefineType.cxx">
      <Filter>csn</Filter>
    </ClCompile>
    <ClCompile Include="csn\ModuleSetChoiceExtensibility.cxx">
      <Filter>csn</Filter>
    </ClCompile>
    <ClCompile Include="csn\ModuleTestClass.cxx">
      <Filter>csn</Filter>
    </ClCompile>
    <ClCompile Include="csn\ModuleTestConstr.cxx">
      <Filter>csn</Filter>
    </ClCompile>
    <ClCompile Include="csn\ModuleTestConstrainedBy.cxx">
      <Filter>csn</Filter>
    </ClCompile>
    <ClCompile Include="csn\ModuleTestConstraint1.cxx">
      <Filter>csn</Filter>
    </ClCompile>
    <ClCompile Include="csn\ModuleTestConstraint2.cxx">
      <Filter>csn</Filter>
    </ClCompile>
    <ClCompile Include="csn\ModuleTestEmbeddedChoice.cxx">
      <Filter>csn</Filter>
    </ClCompile>
    <ClCompile Include="csn\ModuleTestEnumeratedDefault.cxx">
      <Filter>csn</Filter>
    </ClCompile>
    <ClCompile Include="csn\ModuleTestIndirectChoiceFine.cxx">
      <Filter>csn</Filter>
    </ClCompile>
    <ClCompile Include="csn\ModuleTestIntOptional.cxx">
      <Filter>csn</Filter>
    </ClCompile>
    <ClCompile Include="csn\ModuleTestMultipleTags.cxx">
      <Filter>csn</Filter>
    </ClCompile>
    <ClCompile Include="csn\ModuleTestOIDConstraint.cxx">
      <Filter>csn</Filter>
    </ClCompile>
    <ClCompile Include="csn\ModuleTestSequenceSimple.cxx">
      <Filter>csn</Filter>
    </ClCompile>
    <ClCompile Include="csn\ModuleTestStringDefault1.cxx">
      <Filter>csn</Filter>
    </ClCompile>
    <ClCompile Include="csn\ModuleTestTags1.cxx">
      <Filter>csn</Filter>
    </ClCompile>
    <ClCompile Include="csn\ModuleTestTags2.cxx">
      <Filter>csn</Filter>
    </ClCompile>
    <ClCompile Include="csn\TEST1.cxx">
      <Filter>csn</Filter>
    </ClCompile>
  </ItemGroup>
  <ItemGroup>
    <ClInclude Include="ASN1CTest.h" />
    <ClInclude Include="asn1test.h" />
    <ClInclude Include="ASN1TestSuite.h" />
    <ClInclude Include="TESTTest.h" />
    <ClInclude Include="csn\ModuleTestEmpty.h">
      <Filter>csn</Filter>
    </ClInclude>
    <ClInclude Include="csn\ModuleTestEnum1.h">
      <Filter>csn</Filter>
    </ClInclude>
    <ClInclude Include="csn\ModuleTestInt1.h">
      <Filter>csn</Filter>
    </ClInclude>
    <ClInclude Include="csn\ModuleTestMiscComplex.h">
      <Filter>csn</Filter>
    </ClInclude>
    <ClInclude Include="csn\ModuleTestSequence.h">
      <Filter>csn</Filter>
    </ClInclude>
    <ClInclude Include="csn\ModuleTestSetAndUntaggedChoice.h">
      <Filter>csn</Filter>
    </ClInclude>
    <ClInclude Include="csn\ModuleTestSetSimple.h">
      <Filter>csn</Filter>
    </ClInclude>
    <ClInclude Include="csn\ModuleTestTags.h">
      <Filter>csn</Filter>
    </ClInclude>
    <ClInclude Include="csn\ModuleTestTags3.h">
      <Filter>csn</Filter>
    </ClInclude>
    <ClInclude Include="csn\ModuleTestTagsDistinct2.h">
      <Filter>csn</Filter>
    </ClInclude>
    <ClInclude Include="csn\TEST.h">
      <Filter>csn</Filter>
    </ClInclude>
    <ClInclude Include="csn\MyHTTP.h">
      <Filter>csn</Filter>
    </ClInclude>
    <ClInclude Include="csn\ModuleTestEmptytmp.h">
      <Filter>csn</Filter>
    </ClInclude>
    <ClInclude Include="csn\ModuleTestEnum1tmp.h">
      <Filter>csn</Filter>
    </ClInclude>
    <ClInclude Include="csn\ModuleTestInt1tmp.h">
      <Filter>csn</Filter>
    </ClInclude>
    <ClInclude Include="csn\ModuleTestMiscComplextmp.h">
      <Filter>csn</Filter>
    </ClInclude>
    <ClInclude Include="csn\ModuleTestSequencetmp.h">
      <Filter>csn</Filter>
    </ClInclude>
    <ClInclude Include="csn\ModuleTestSetAndUntaggedChoicetmp.h">
      <Filter>csn</Filter>
    </ClInclude>
    <ClInclude Include="csn\ModuleTestSetSimpletmp.h">
      <Filter>csn</Filter>
    </ClInclude>
    <ClInclude Include="csn\ModuleTestTags3tmp.h">
      <Filter>csn</Filter>
    </ClInclude>
    <ClInclude Include="csn\ModuleTestTagsDistinct2tmp.h">
      <Filter>csn</Filter>
    </ClInclude>
    <ClInclude Include="csn\ModuleTestTagstmp.h">
      <Filter>csn</Filter>
    </ClInclude>
    <ClInclude Include="csn\MyHTTPtmp.h">
      <Filter>csn</Filter>
    </ClInclude>
    <ClInclude Include="csn\TESTtmp.h">
      <Filter>csn</Filter>
    </ClInclude>
    <ClInclude Include="csn\ModuleASNClass.h">
      <Filter>csn</Filter>
    </ClInclude>
    <ClInclude Include="csn\ModuleASNClasstmp.h">
      <Filter>csn</Filter>
    </ClInclude>
    <ClInclude Include="csn\ModuleBitStringConstraint.h">
      <Filter>csn</Filter>
    </ClInclude>
    <ClInclude Include="csn\ModuleBitStringConstrainttmp.h">
      <Filter>csn</Filter>
    </ClInclude>
    <ClInclude Include="csn\ModuleBitStringReferencedValue.h">
      <Filter>csn</Filter>
    </ClInclude>
    <ClInclude Include="csn\ModuleBitStringReferencedValuetmp.h">
      <Filter>csn</Filter>
    </ClInclude>
    <ClInclude Include="csn\ModuleCharacterDefinitions.h">
      <Filter>csn</Filter>
    </ClInclude>
    <ClInclude Include="csn\ModuleCharacterDefinitionstmp.h">
      <Filter>csn</Filter>
    </ClInclude>
    <ClInclude Include="csn\ModuleChoiceInSequence.h">
      <Filter>csn</Filter>
    </ClInclude>
    <ClInclude Include="csn\ModuleChoiceInSequencetmp.h">
      <Filter>csn</Filter>
    </ClInclude>
    <ClInclude Include="csn\ModuleConstraintPrecedence.h">
      <Filter>csn</Filter>
    </ClInclude>
    <ClInclude Include="csn\ModuleConstraintPrecedencetmp.h">
      <Filter>csn</Filter>
    </ClInclude>
    <ClInclude Include="csn\ModuleEmptyIMPORTS.h">
      <Filter>csn</Filter>
    </ClInclude>
    <ClInclude Include="csn\ModuleEmptyIMPORTStmp.h">
      <Filter>csn</Filter>
    </ClInclude>
    <ClInclude Include="csn\ModuleNestedSequenceOf.h">
      <Filter>csn</Filter>
    </ClInclude>
    <ClInclude Include="csn\ModuleNestedSequenceOftmp.h">
      <Filter>csn</Filter>
    </ClInclude>
    <ClInclude Include="csn\ModuleParameterization1.h">
      <Filter>csn</Filter>
    </ClInclude>
    <ClInclude Include="csn\ModuleParameterization1tmp.h">
      <Filter>csn</Filter>
    </ClInclude>
    <ClInclude Include="csn\ModuleParameterization2.h">
      <Filter>csn</Filter>
    </ClInclude>
    <ClInclude Include="csn\ModuleParameterization2tmp.h">
      <Filter>csn</Filter>
    </ClInclude>
    <ClInclude Include="csn\ModuleParameterization3.h">
      <Filter>csn</Filter>
    </ClInclude>
    <ClInclude Include="csn\ModuleParameterization3tmp.h">
      <Filter>csn</Filter>
    </ClInclude>
    <ClInclude Include="csn\ModuleParameterizationWithConstraints.h">
      <Filter>csn</Filter>
    </ClInclude>
    <ClInclude Include="csn\ModuleParameterizationWithConstraints2.h">
      <Filter>csn</Filter>
    </ClInclude>
    <ClInclude Include="csn\ModuleParameterizationWithConstraints2tmp.h">
      <Filter>csn</Filter>
    </ClInclude>
    <ClInclude Include="csn\ModuleParameterizationWithConstraints3.h">
      <Filter>csn</Filter>
    </ClInclude>
    <ClInclude Include="csn\ModuleParameterizationWithConstraints3tmp.h">
      <Filter>csn</Filter>
    </ClInclude>
    <ClInclude Include="csn\ModuleParameterizationWithConstraintstmp.h">
      <Filter>csn</Filter>
    </ClInclude>
    <ClInclude Include="csn\ModulePERChoice.h">
      <Filter>csn</Filter>
    </ClInclude>
    <ClInclude Include="csn\ModulePERChoicetmp.h">
      <Filter>csn</Filter>
    </ClInclude>
    <ClInclude Include="csn\ModulePERConstraints.h">
      <Filter>csn</Filter>
    </ClInclude>
    <ClInclude Include="csn\ModulePERConstraintstmp.h">
      <Filter>csn</Filter>
    </ClInclude>
    <ClInclude Include="csn\ModulePERExtensions.h">
      <Filter>csn</Filter>
    </ClInclude>
    <ClInclude Include="csn\ModulePERExtensionstmp.h">
      <Filter>csn</Filter>
    </ClInclude>
    <ClInclude Include="csn\ModulePERLong.h">
      <Filter>csn</Filter>
    </ClInclude>
    <ClInclude Include="csn\ModulePERLongtmp.h">
      <Filter>csn</Filter>
    </ClInclude>
    <ClInclude Include="csn\ModulePERStrings.h">
      <Filter>csn</Filter>
    </ClInclude>
    <ClInclude Include="csn\ModulePERStringstmp.h">
      <Filter>csn</Filter>
    </ClInclude>
    <ClInclude Include="csn\ModuleRecursion.h">
      <Filter>csn</Filter>
    </ClInclude>
    <ClInclude Include="csn\ModuleRecursiontmp.h">
      <Filter>csn</Filter>
    </ClInclude>
    <ClInclude Include="csn\ModuleRedefineType.h">
      <Filter>csn</Filter>
    </ClInclude>
    <ClInclude Include="csn\ModuleRedefineTypetmp.h">
      <Filter>csn</Filter>
    </ClInclude>
    <ClInclude Include="csn\ModuleSetChoiceExtensibility.h">
      <Filter>csn</Filter>
    </ClInclude>
    <ClInclude Include="csn\ModuleSetChoiceExtensibilitytmp.h">
      <Filter>csn</Filter>
    </ClInclude>
    <ClInclude Include="csn\ModuleTestClass.h">
      <Filter>csn</Filter>
    </ClInclude>
    <ClInclude Include="csn\ModuleTestClasstmp.h">
      <Filter>csn</Filter>
    </ClInclude>
    <ClInclude Include="csn\ModuleTestConstr.h">
      <Filter>csn</Filter>
    </ClInclude>
    <ClInclude Include="csn\ModuleTestConstrainedBy.h">
      <Filter>csn</Filter>
    </ClInclude>
    <ClInclude Include="csn\ModuleTestConstrainedBytmp.h">
      <Filter>csn</Filter>
    </ClInclude>
    <ClInclude Include="csn\ModuleTestConstraint1.h">
      <Filter>csn</Filter>
    </ClInclude>
    <ClInclude Include="csn\ModuleTestConstraint1tmp.h">
      <Filter>csn</Filter>
    </ClInclude>
    <ClInclude Include="csn\ModuleTestConstraint2.h">
      <Filter>csn</Filter>
    </ClInclude>
    <ClInclude Include="csn\ModuleTestConstraint2tmp.h">
      <Filter>csn</Filter>
    </ClInclude>
    <ClInclude Include="csn\ModuleTestConstrtmp.h">
      <Filter>csn</Filter>
    </ClInclude>
    <ClInclude Include="csn\ModuleTestEmbeddedChoice.h">
      <Filter>csn</Filter>
    </ClInclude>
    <ClInclude Include="csn\ModuleTestEmbeddedChoicetmp.h">
      <Filter>csn</Filter>
    </ClInclude>
    <ClInclude Include="csn\ModuleTestEnumeratedDefault.h">
      <Filter>csn</Filter>
    </ClInclude>
    <ClInclude Include="csn\ModuleTestEnumeratedDefaulttmp.h">
      <Filter>csn</Filter>
    </ClInclude>
    <ClInclude Include="csn\ModuleTestIndirectChoiceFine.h">
      <Filter>csn</Filter>
    </ClInclude>
    <ClInclude Include="csn\ModuleTestIndirectChoiceFinetmp.h">
      <Filter>csn</Filter>
    </ClInclude>
    <ClInclude Include="csn\ModuleTestIntOptional.h">
      <Filter>csn</Filter>
    </ClInclude>
    <ClInclude Include="csn\ModuleTestIntOptionaltmp.h">
      <Filter>csn</Filter>
    </ClInclude>
    <ClInclude Include="csn\ModuleTestMultipleTags.h">
      <Filter>csn</Filter>
    </ClInclude>
    <ClInclude Include="csn\ModuleTestMultipleTagstmp.h">
      <Filter>csn</Filter>
    </ClInclude>
    <ClInclude Include="csn\ModuleTestOIDConstraint.h">
      <Filter>csn</Filter>
    </ClInclude>
    <ClInclude Include="csn\ModuleTestOIDConstrainttmp.h">
      <Filter>csn</Filter>
    </ClInclude>
    <ClInclude Include="csn\ModuleTestSequenceSimple.h">
      <Filter>csn</Filter>
    </ClInclude>
    <ClInclude Include="csn\ModuleTestSequenceSimpletmp.h">
      <Filter>csn</Filter>
    </ClInclude>
    <ClInclude Include="csn\ModuleTestStringDefault1.h">
      <Filter>csn</Filter>
    </ClInclude>
    <ClInclude Include="csn\ModuleTestStringDefault1tmp.h">
      <Filter>csn</Filter>
    </ClInclude>
    <ClInclude Include="csn\ModuleTestTags1.h">
      <Filter>csn</Filter>
    </ClInclude>
    <ClInclude Include="csn\ModuleTestTags1tmp.h">
      <Filter>csn</Filter>
    </ClInclude>
    <ClInclude Include="csn\ModuleTestTags2.h">
      <Filter>csn</Filter>
    </ClInclude>
    <ClInclude Include="csn\ModuleTestTags2tmp.h">
      <Filter>csn</Filter>
    </ClInclude>
    <ClInclude Include="csn\TEST1.h">
      <Filter>csn</Filter>
    </ClInclude>
    <ClInclude Include="csn\TEST1tmp.h">
      <Filter>csn</Filter>
    </ClInclude>
  </ItemGroup>
  <ItemGroup>
    <None Include="asn\00-empty-OK.asn1">
      <Filter>asn</Filter>
    </None>
    <None Include="asn\01-empty-OK.asn1">
      <Filter>asn</Filter>
    </None>
    <None Include="asn\03-enum-OK.asn1">
      <Filter>asn</Filter>
    </None>
    <None Include="asn\07-int-OK.asn1">
      <Filter>asn</Filter>
    </None>
    <None Include="asn\17-tags-OK.asn1">
      <Filter>asn</Filter>
    </None>
    <None Include="asn\22-tags-OK.asn1">
      <Filter>asn</Filter>
    </None>
    <None Include="asn\24-sequence-OK.asn1">
      <Filter>asn</Filter>
    </None>
    <None Include="asn\29-tags-OK.asn1">
      <Filter>asn</Filter>
    </None>
    <None Include="asn\30-set-OK.asn1">
      <Filter>asn</Filter>
    </None>
    <None Include="asn\33-misc-OK.asn1">
      <Filter>asn</Filter>
    </None>
    <None Include="asn\35-set-choice-OK.asn1">
      <Filter>asn</Filter>
    </None>
    <None Include="asn1c\00-empty-OK.asn1">
      <Filter>asn1c</Filter>
    </None>
    <None Include="asn1c\01-empty-OK.asn1">
      <Filter>asn1c</Filter>
    </None>
    <None Include="asn1c\03-enum-OK.asn1">
      <Filter>asn1c</Filter>
    </None>
    <None Include="asn1c\07-int-OK.asn1">
      <Filter>asn1c</Filter>
    </None>
    <None Include="asn1c\10-int-OK.asn1-FAILED">
      <Filter>asn1c</Filter>
    </None>
    <None Include="asn1c\13-resolver-OK.asn1-FAILED">
      <Filter>asn1c</Filter>
    </None>
    <None Include="asn1c\14-resolver-OK.asn1-FAILED">
      <Filter>asn1c</Filter>
    </None>
    <None Include="asn1c\16-constraint-OK.asn1-FAILED">
      <Filter>asn1c</Filter>
    </None>
    <None Include="asn1c\17-tags-OK.asn1">
      <Filter>asn1c</Filter>
    </None>
    <None Include="asn1c\19-param-OK.asn1-FAILED">
      <Filter>asn1c</Filter>
    </None>
    <None Include="asn1c\21-tags-OK.asn1-FAILED">
      <Filter>asn1c</Filter>
    </None>
    <None Include="asn1c\22-tags-OK.asn1">
      <Filter>asn1c</Filter>
    </None>
    <None Include="asn1c\23-bits-OK.asn1-FAILED">
      <Filter>asn1c</Filter>
    </None>
    <None Include="asn1c\24-sequence-OK.asn1">
      <Filter>asn1c</Filter>
    </None>
    <None Include="asn1c\25-misc-OK.asn1-FAILED">
      <Filter>asn1c</Filter>
    </None>
    <None Include="asn1c\29-tags-OK.asn1">
      <Filter>asn1c</Filter>
    </None>
    <None Include="asn1c\30-set-OK.asn1">
      <Filter>asn1c</Filter>
    </None>
    <None Include="asn1c\31-set-of-OK.asn1-FAILED">
      <Filter>asn1c</Filter>
    </None>
    <None Include="asn1c\32-sequence-of-OK.asn1">
      <Filter>asn1c</Filter>
    </None>
    <None Include="asn1c\33-misc-OK.asn1">
      <Filter>asn1c</Filter>
    </None>
    <None Include="asn1c\34-class-OK.asn1-FAILED">
      <Filter>asn1c</Filter>
    </None>
    <None Include="asn1c\35-set-choice-OK.asn1">
      <Filter>asn1c</Filter>
    </None>
    <None Include="asn1c\37-indirect-choice-OK.asn1">
      <Filter>asn1c</Filter>
    </None>
    <None Include="asn1c\38-comments-OK.asn1-FAILED">
      <Filter>asn1c</Filter>
    </None>
    <None Include="asn1c\39-sequence-of-OK.asn1">
      <Filter>asn1c</Filter>
    </None>
    <None Include="asn1c\41-int-optional-OK.asn1">
      <Filter>asn1c</Filter>
    </None>
    <None Include="asn1c\42-real-life-OK.asn1-FAILED">
      <Filter>asn1c</Filter>
    </None>
    <None Include="asn1c\43-recursion-OK.asn1">
      <Filter>asn1c</Filter>
    </None>
    <None Include="asn1c\44-choice-in-sequence-OK.asn1">
      <Filter>asn1c</Filter>
    </None>
    <None Include="asn1c\46-redefine-OK.asn1">
      <Filter>asn1c</Filter>
    </None>
    <None Include="asn1c\47-set-ext-OK.asn1-FAILED">
      <Filter>asn1c</Filter>
    </None>
    <None Include="asn1c\48-real-life-OK.asn1">
      <Filter>asn1c</Filter>
    </None>
    <None Include="asn1c\49-real-life-OK.asn1-FAILED">
      <Filter>asn1c</Filter>
    </None>
    <None Include="asn1c\50-constraint-OK.asn1-FAILED">
      <Filter>asn1c</Filter>
    </None>
    <None Include="asn1c\55-components-of-OK.asn1-FAILED">
      <Filter>asn1c</Filter>
    </None>
    <None Include="asn1c\57-components-of-OK.asn1-FAILED">
      <Filter>asn1c</Filter>
    </None>
    <None Include="asn1c\58-param-OK.asn1-FAILED">
      <Filter>asn1c</Filter>
    </None>
    <None Include="asn1c\59-choice-extended-OK.asn1-FAILED">
      <Filter>asn1c</Filter>
    </None>
    <None Include="asn1c\60-any-OK.asn1-FAILED">
      <Filter>asn1c</Filter>
    </None>
    <None Include="asn1c\62-any-OK.asn1-TODO">
      <Filter>asn1c</Filter>
    </None>
    <None Include="asn1c\64-oid-constr-OK.asn1">
      <Filter>asn1c</Filter>
    </None>
    <None Include="asn1c\65-multi-tag-OK.asn1">
      <Filter>asn1c</Filter>
    </None>
    <None Include="asn1c\66-ref-simple-OK.asn1-FAILED">
      <Filter>asn1c</Filter>
    </None>
    <None Include="asn1c\67-embedded-choice-OK.asn1">
      <Filter>asn1c</Filter>
    </None>
    <None Include="asn1c\68-enum-default-OK.asn1">
      <Filter>asn1c</Filter>
    </None>
    <None Include="asn1c\69-reserved-words-OK.asn1-FAILED">
      <Filter>asn1c</Filter>
    </None>
    <None Include="asn1c\70-xer-test-OK.asn1-FAILED">
      <Filter>asn1c</Filter>
    </None>
    <None Include="asn1c\72-same-names-OK.asn1-FAILED">
      <Filter>asn1c</Filter>
    </None>
    <None Include="asn1c\73-circular-OK.asn1-FAILED">
      <Filter>asn1c</Filter>
    </None>
    <None Include="asn1c\74-int-enum-constraints-OK.asn1-FAILED">
      <Filter>asn1c</Filter>
    </None>
    <None Include="asn1c\77-str-default-OK.asn1">
      <Filter>asn1c</Filter>
    </None>
    <None Include="asn1c\79-constrained-by-OK.asn1">
      <Filter>asn1c</Filter>
    </None>
    <None Include="asn1c\80-chardefs-OK.asn1">
      <Filter>asn1c</Filter>
    </None>
    <None Include="asn1c\81-type-default-OK.asn1-FAILED">
      <Filter>asn1c</Filter>
    </None>
    <None Include="asn1c\82-with-comps-OK.asn1-FAILED">
      <Filter>asn1c</Filter>
    </None>
    <None Include="asn1c\83-with-comps-OK.asn1-FAILED">
      <Filter>asn1c</Filter>
    </None>
    <None Include="asn1c\84-param-tags-OK.asn1-FAILED">
      <Filter>asn1c</Filter>
    </None>
    <None Include="asn1c\85-comments-OK.asn1">
      <Filter>asn1c</Filter>
    </None>
    <None Include="asn1c\86-atags-OK.asn1">
      <Filter>asn1c</Filter>
    </None>
    <None Include="asn1c\87-old-syntax-OK.asn1">
      <Filter>asn1c</Filter>
    </None>
    <None Include="asn1c\88-integer-enum-OK.asn1">
      <Filter>asn1c</Filter>
    </None>
    <None Include="asn1c\89-bit-string-enum-OK.asn1">
      <Filter>asn1c</Filter>
    </None>
    <None Include="asn1c\90-cond-int-type-OK.asn1">
      <Filter>asn1c</Filter>
    </None>
    <None Include="asn1c\91-cond-int-blessSize-OK.asn1">
      <Filter>asn1c</Filter>
    </None>
    <None Include="asn1c\92-circular-loops-OK.asn1">
      <Filter>asn1c</Filter>
    </None>
    <None Include="asn1c\93-asn1c-controls-OK.asn1">
      <Filter>asn1c</Filter>
    </None>
    <None Include="asn1c\94-set-optionals-OK.asn1">
      <Filter>asn1c</Filter>
    </None>
    <None Include="asn1c\95-choice-per-order-OK.asn1">
      <Filter>asn1c</Filter>
    </None>
    <None Include="asn1c\96-type-identifier-OK.asn1">
      <Filter>asn1c</Filter>
    </None>
    <None Include="asn1c\98-attribute-class-OK.asn1">
      <Filter>asn1c</Filter>
    </None>
    <None Include="asn1c\99-class-sample-OK.asn1">
      <Filter>asn1c</Filter>
    </None>
    <None Include="asn1c\100-class-ref-OK.asn1">
      <Filter>asn1c</Filter>
    </None>
    <None Include="asn1c\104-param-1-OK.asn1">
      <Filter>asn1c</Filter>
    </None>
    <None Include="asn1c\105-param-2-OK.asn1">
      <Filter>asn1c</Filter>
    </None>
    <None Include="asn1c\106-param-constr-OK.asn1">
      <Filter>asn1c</Filter>
    </None>
    <None Include="asn1c\107-param-constr-2-OK.asn1">
      <Filter>asn1c</Filter>
    </None>
    <None Include="asn1c\108-param-constr-3-OK.asn1">
      <Filter>asn1c</Filter>
    </None>
    <None Include="asn1c\110-param-3-OK.asn1">
      <Filter>asn1c</Filter>
    </None>
    <None Include="asn1c\112-param-class-OK.asn1">
      <Filter>asn1c</Filter>
    </None>
    <None Include="asn1c\112-param-class-OK.asn1-FAILED">
      <Filter>asn1c</Filter>
    </None>
    <None Include="asn1c\115-bit-string-OK.asn1">
      <Filter>asn1c</Filter>
    </None>
    <None Include="asn1c\118-per-constraint-OK.asn1">
      <Filter>asn1c</Filter>
    </None>
    <None Include="asn1c\119-per-strings-OK.asn1">
      <Filter>asn1c</Filter>
    </None>
    <None Include="asn1c\121-empty-imports-OK.asn1">
      <Filter>asn1c</Filter>
    </None>
    <None Include="asn1c\122-pattern-OK.asn1-FAILED">
      <Filter>asn1c</Filter>
    </None>
    <None Include="asn1c\123-valueassignment-OK.asn1-FAILED">
      <Filter>asn1c</Filter>
    </None>
    <None Include="asn1c\124-multiconstraint-OK.asn1-FAILED">
      <Filter>asn1c</Filter>
    </None>
    <None Include="asn1c\125-bitstring-constraint-OK.asn1">
      <Filter>asn1c</Filter>
    </None>
    <None Include="asn1c\126-per-extensions-OK.asn1">
      <Filter>asn1c</Filter>
    </None>
    <None Include="asn1c\127-per-long-OK.asn1-FAILED">
      <Filter>asn1c</Filter>
    </None>
    <None Include="asn1c\129-enum-OK.asn1">
      <Filter>asn1c</Filter>
    </None>
    <None Include="asn1c\130-enum-OK.asn1">
      <Filter>asn1c</Filter>
    </None>
    <None Include="asn1c\131-per-empty-OK.asn1">
      <Filter>asn1c</Filter>
    </None>
    <None Include="asn1c\132-per-choice-OK.asn1">
      <Filter>asn1c</Filter>
    </None>
    <None Include="asn1c\133-per-constraints-OK.asn1">
      <Filter>asn1c</Filter>
    </None>
    <None Include="asn1c\134-per-long-OK.asn1">
      <Filter>asn1c</Filter>
    </None>
    <None Include="csn\ModuleTestEnum1.inl">
      <Filter>csn</Filter>
    </None>
    <None Include="csn\ModuleTestInt1.inl">
      <Filter>csn</Filter>
    </None>
    <None Include="csn\ModuleTestMiscComplex.inl">
      <Filter>csn</Filter>
    </None>
    <None Include="csn\ModuleTestSequence.inl">
      <Filter>csn</Filter>
    </None>
    <None Include="csn\ModuleTestSetAndUntaggedChoice.inl">
      <Filter>csn</Filter>
    </None>
    <None Include="csn\ModuleTestSetSimple.inl">
      <Filter>csn</Filter>
    </None>
    <None Include="csn\ModuleTestTags.inl">
      <Filter>csn</Filter>
    </None>
    <None Include="csn\ModuleTestTags3.inl">
      <Filter>csn</Filter>
    </None>
    <None Include="csn\ModuleTestTagsDistinct2.inl">
      <Filter>csn</Filter>
    </None>
    <None Include="asn\TEST.asn">
      <Filter>asn</Filter>
    </None>
    <None Include="csn\TEST.inl">
      <Filter>csn</Filter>
    </None>
    <None Include="csn\MyHTTP.inl">
      <Filter>csn</Filter>
    </None>
    <None Include="..\..\asn1\testsuite\test1.asn" />
    <None Include="asn\MyHTTP.asn">
      <Filter>asn</Filter>
    </None>
    <None Include="asn\32-sequence-of-OK.asn1">
      <Filter>asn</Filter>
    </None>
    <None Include="asn\37-indirect-choice-OK.asn1">
      <Filter>asn</Filter>
    </None>
    <None Include="asn\18-class-OK.asn1">
      <Filter>asn</Filter>
    </None>
    <None Include="asn1c\18-class-OK.asn1">
      <Filter>asn1c</Filter>
    </None>
    <None Include="asn\20-constr-OK.asn1">
      <Filter>asn</Filter>
    </None>
    <None Include="asn\16-constraint-OK.asn1">
      <Filter>asn</Filter>
    </None>
    <None Include="asn1c\20-constr-OK.asn1">
      <Filter>asn1c</Filter>
    </None>
    <None Include="asn\10-int-OK.asn1-FAILED">
      <Filter>asn</Filter>
    </None>
    <None Include="asn\13-resolver-OK.asn1-FAILED">
      <Filter>asn</Filter>
    </None>
    <None Include="asn\14-resolver-OK.asn1-FAILED">
      <Filter>asn</Filter>
    </None>
    <None Include="asn\16-constraint-OK.asn1-FAILED">
      <Filter>asn</Filter>
    </None>
    <None Include="asn\19-param-OK.asn1-FAILED">
      <Filter>asn</Filter>
    </None>
    <None Include="asn\21-tags-OK.asn1">
      <Filter>asn</Filter>
    </None>
    <None Include="asn\34-class-OK.asn1-FAILED">
      <Filter>asn</Filter>
    </None>
    <None Include="asn\38-comments-OK.asn1-FAILED">
      <Filter>asn</Filter>
    </None>
    <None Include="asn\39-sequence-of-OK.asn1">
      <Filter>asn</Filter>
    </None>
    <None Include="asn\41-int-optional-OK.asn1">
      <Filter>asn</Filter>
    </None>
    <None Include="asn\43-recursion-OK.asn1">
      <Filter>asn</Filter>
    </None>
    <None Include="asn\44-choice-in-sequence-OK.asn1">
      <Filter>asn</Filter>
    </None>
    <None Include="asn\46-redefine-OK.asn1">
      <Filter>asn</Filter>
    </None>
    <None Include="asn\48-real-life-OK.asn1">
      <Filter>asn</Filter>
    </None>
    <None Include="asn\49-real-life-OK.asn1-FAILED">
      <Filter>asn</Filter>
    </None>
    <None Include="asn\62-any-OK.asn1-TODO">
      <Filter>asn</Filter>
    </None>
    <None Include="asn\64-oid-constr-OK.asn1">
      <Filter>asn</Filter>
    </None>
    <None Include="asn\65-multi-tag-OK.asn1">
      <Filter>asn</Filter>
    </None>
    <None Include="asn\67-embedded-choice-OK.asn1">
      <Filter>asn</Filter>
    </None>
    <None Include="asn\68-enum-default-OK.asn1">
      <Filter>asn</Filter>
    </None>
    <None Include="asn\70-xer-test-OK.asn1-FAILED">
      <Filter>asn</Filter>
    </None>
    <None Include="asn\73-circular-OK.asn1-FAILED">
      <Filter>asn</Filter>
    </None>
    <None Include="asn\74-int-enum-constraints-OK.asn1-FAILED">
      <Filter>asn</Filter>
    </None>
    <None Include="asn\77-str-default-OK.asn1">
      <Filter>asn</Filter>
    </None>
    <None Include="asn\79-constrained-by-OK.asn1">
      <Filter>asn</Filter>
    </None>
    <None Include="asn\80-chardefs-OK.asn1">
      <Filter>asn</Filter>
    </None>
    <None Include="asn\104-param-1-OK.asn1">
      <Filter>asn</Filter>
    </None>
    <None Include="asn\105-param-2-OK.asn1">
      <Filter>asn</Filter>
    </None>
    <None Include="asn\106-param-constr-OK.asn1">
      <Filter>asn</Filter>
    </None>
    <None Include="asn\107-param-constr-2-OK.asn1">
      <Filter>asn</Filter>
    </None>
    <None Include="asn\108-param-constr-3-OK.asn1">
      <Filter>asn</Filter>
    </None>
    <None Include="asn\110-param-3-OK.asn1">
      <Filter>asn</Filter>
    </None>
    <None Include="asn\112-param-class-OK.asn1-FAILED">
      <Filter>asn</Filter>
    </None>
    <None Include="asn\115-bit-string-OK.asn1">
      <Filter>asn</Filter>
    </None>
    <None Include="asn\118-per-constraint-OK.asn1">
      <Filter>asn</Filter>
    </None>
    <None Include="asn\119-per-strings-OK.asn1">
      <Filter>asn</Filter>
    </None>
    <None Include="asn\121-empty-imports-OK.asn1">
      <Filter>asn</Filter>
    </None>
    <None Include="asn\124-multiconstraint-OK.asn1-FAILED">
      <Filter>asn</Filter>
    </None>
    <None Include="asn\125-bitstring-constraint-OK.asn1">
      <Filter>asn</Filter>
    </None>
    <None Include="asn\126-per-extensions-OK.asn1">
      <Filter>asn</Filter>
    </None>
    <None Include="asn\129-enum-OK.asn1">
      <Filter>asn</Filter>
    </None>
    <None Include="asn\130-enum-OK.asn1">
      <Filter>asn</Filter>
    </None>
    <None Include="asn\131-per-empty-OK.asn1">
      <Filter>asn</Filter>
    </None>
    <None Include="asn\132-per-choice-OK.asn1">
      <Filter>asn</Filter>
    </None>
    <None Include="asn\133-per-constraints-OK.asn1">
      <Filter>asn</Filter>
    </None>
    <None Include="asn\134-per-long-OK.asn1">
      <Filter>asn</Filter>
    </None>
    <None Include="asn\85-comments-OK.asn1-FAILED">
      <Filter>asn</Filter>
    </None>
    <None Include="asn\87-old-syntax-OK.asn1-FAILED">
      <Filter>asn</Filter>
    </None>
    <None Include="asn\96-type-identifier-OK.asn1-FAILED">
      <Filter>asn</Filter>
    </None>
    <None Include="asn\98-attribute-class-OK.asn1-FAILED">
      <Filter>asn</Filter>
    </None>
    <None Include="asn\100-class-ref-OK.asn1-FAILED">
      <Filter>asn</Filter>
    </None>
    <None Include="asn1c\117-real-constraint-OK.asn1-FAILED">
      <Filter>asn1c</Filter>
    </None>
    <None Include="asn\117-real-constraint-OK.asn1-FAILED">
      <Filter>asn</Filter>
    </None>
    <None Include="asn\STDLIB.asn1">
      <Filter>asn</Filter>
    </None>
    <None Include="asn\127-per-long-OK.asn1">
      <Filter>asn</Filter>
    </None>
    <None Include="asn\123-valueassignment-OK.asn1">
      <Filter>asn</Filter>
    </None>
    <None Include="asn\122-pattern-OK.asn1">
      <Filter>asn</Filter>
    </None>
    <None Include="asn\99-class-sample-OK.asn1">
      <Filter>asn</Filter>
    </None>
    <None Include="asn\95-choice-per-order-OK.asn1">
      <Filter>asn</Filter>
    </None>
    <None Include="asn\94-set-optionals-OK.asn1">
      <Filter>asn</Filter>
    </None>
    <None Include="asn\93-asn1c-controls-OK.asn1">
      <Filter>asn</Filter>
    </None>
    <None Include="asn\92-circular-loops-OK.asn1">
      <Filter>asn</Filter>
    </None>
    <None Include="asn\91-cond-int-blessSize-OK.asn1">
      <Filter>asn</Filter>
    </None>
    <None Include="asn\90-cond-int-type-OK.asn1">
      <Filter>asn</Filter>
    </None>
    <None Include="asn\89-bit-string-enum-OK.asn1">
      <Filter>asn</Filter>
    </None>
    <None Include="asn\88-integer-enum-OK.asn1">
      <Filter>asn</Filter>
    </None>
    <None Include="asn\86-atags-OK.asn1">
      <Filter>asn</Filter>
    </None>
    <None Include="asn\84-param-tags-OK.asn1">
      <Filter>asn</Filter>
    </None>
    <None Include="csn\ModuleASNClass.inl">
      <Filter>csn</Filter>
    </None>
    <None Include="csn\ModuleBitStringConstraint.inl">
      <Filter>csn</Filter>
    </None>
    <None Include="csn\ModuleBitStringReferencedValue.inl">
      <Filter>csn</Filter>
    </None>
    <None Include="csn\ModuleCharacterDefinitions.inl">
      <Filter>csn</Filter>
    </None>
    <None Include="csn\ModuleChoiceInSequence.inl">
      <Filter>csn</Filter>
    </None>
    <None Include="csn\ModuleConstraintPrecedence.inl">
      <Filter>csn</Filter>
    </None>
    <None Include="csn\ModuleNestedSequenceOf.inl">
      <Filter>csn</Filter>
    </None>
    <None Include="csn\ModuleParameterization1.inl">
      <Filter>csn</Filter>
    </None>
    <None Include="csn\ModuleParameterization2.inl">
      <Filter>csn</Filter>
    </None>
    <None Include="csn\ModuleParameterization3.inl">
      <Filter>csn</Filter>
    </None>
    <None Include="csn\ModuleParameterizationWithConstraints.inl">
      <Filter>csn</Filter>
    </None>
    <None Include="csn\ModuleParameterizationWithConstraints2.inl">
      <Filter>csn</Filter>
    </None>
    <None Include="csn\ModuleParameterizationWithConstraints3.inl">
      <Filter>csn</Filter>
    </None>
    <None Include="csn\ModulePERChoice.inl">
      <Filter>csn</Filter>
    </None>
    <None Include="csn\ModulePERConstraints.inl">
      <Filter>csn</Filter>
    </None>
    <None Include="csn\ModulePERExtensions.inl">
      <Filter>csn</Filter>
    </None>
    <None Include="csn\ModulePERLong.inl">
      <Filter>csn</Filter>
    </None>
    <None Include="csn\ModulePERStrings.inl">
      <Filter>csn</Filter>
    </None>
    <None Include="csn\ModuleRecursion.inl">
      <Filter>csn</Filter>
    </None>
    <None Include="csn\ModuleRedefineType.inl">
      <Filter>csn</Filter>
    </None>
    <None Include="csn\ModuleSetChoiceExtensibility.inl">
      <Filter>csn</Filter>
    </None>
    <None Include="csn\ModuleTestClass.inl">
      <Filter>csn</Filter>
    </None>
    <None Include="csn\ModuleTestConstr.inl">
      <Filter>csn</Filter>
    </None>
    <None Include="csn\ModuleTestConstrainedBy.inl">
      <Filter>csn</Filter>
    </None>
    <None Include="csn\ModuleTestConstraint1.inl">
      <Filter>csn</Filter>
    </None>
    <None Include="csn\ModuleTestConstraint2.inl">
      <Filter>csn</Filter>
    </None>
    <None Include="csn\ModuleTestEmbeddedChoice.inl">
      <Filter>csn</Filter>
    </None>
    <None Include="csn\ModuleTestEnumeratedDefault.inl">
      <Filter>csn</Filter>
    </None>
    <None Include="csn\ModuleTestIndirectChoiceFine.inl">
      <Filter>csn</Filter>
    </None>
    <None Include="csn\ModuleTestIntOptional.inl">
      <Filter>csn</Filter>
    </None>
    <None Include="csn\ModuleTestMultipleTags.inl">
      <Filter>csn</Filter>
    </None>
    <None Include="csn\ModuleTestSequenceSimple.inl">
      <Filter>csn</Filter>
    </None>
    <None Include="csn\ModuleTestStringDefault1.inl">
      <Filter>csn</Filter>
    </None>
    <None Include="csn\ModuleTestTags1.inl">
      <Filter>csn</Filter>
    </None>
    <None Include="csn\ModuleTestTags2.inl">
      <Filter>csn</Filter>
    </None>
    <None Include="csn\TEST1.inl">
      <Filter>csn</Filter>
    </None>
    <None Include="asn\83-with-comps-OK.asn1-INVALID">
      <Filter>asn</Filter>
    </None>
    <None Include="asn\82-with-comps-OK.asn1">
      <Filter>asn</Filter>
    </None>
    <None Include="asn\81-type-default-OK.asn1">
      <Filter>asn</Filter>
    </None>
    <None Include="asn\72-same-names-OK.asn1">
      <Filter>asn</Filter>
    </None>
    <None Include="asn\23-bits-OK.asn1">
      <Filter>asn</Filter>
    </None>
    <None Include="asn\25-misc-OK.asn1">
      <Filter>asn</Filter>
    </None>
    <None Include="asn\31-set-of-OK.asn1">
      <Filter>asn</Filter>
    </None>
    <None Include="asn\55-components-of-OK.asn1">
      <Filter>asn</Filter>
    </None>
    <None Include="asn\57-components-of-OK.asn1">
      <Filter>asn</Filter>
    </None>
    <None Include="asn\58-param-OK.asn1">
      <Filter>asn</Filter>
    </None>
    <None Include="asn\60-any-OK.asn1-NOT-SUPPORTED">
      <Filter>asn</Filter>
    </None>
    <None Include="asn\66-ref-simple-OK.asn1">
      <Filter>asn</Filter>
    </None>
    <None Include="asn\69-reserved-words-OK.asn1">
      <Filter>asn</Filter>
    </None>
    <None Include="asn\47-set-ext-OK.asn1">
      <Filter>asn</Filter>
    </None>
    <None Include="asn\50-constraint-OK.asn1">
      <Filter>asn</Filter>
    </None>
    <None Include="asn\59-choice-extended-OK.asn1">
      <Filter>asn</Filter>
    </None>
    <None Include="asn\42-real-life-OK.asn1">
      <Filter>asn</Filter>
    </None>
  </ItemGroup>
  <ItemGroup>
    <Filter Include="asn">
      <UniqueIdentifier>{787d2ce3-1de4-45cf-b460-178377cc0ddb}</UniqueIdentifier>
    </Filter>
    <Filter Include="asn1c">
      <UniqueIdentifier>{970a9e8d-2344-400d-bf6f-8ea32e217af7}</UniqueIdentifier>
    </Filter>
    <Filter Include="csn">
      <UniqueIdentifier>{22994f26-09bc-425f-a3cc-77c6f4835290}</UniqueIdentifier>
    </Filter>
  </ItemGroup>
</Project>